{
  "requires": true,
  "lockfileVersion": 1,
  "dependencies": {
    "@types/aws-lambda": {
      "version": "8.10.67",
      "resolved": "https://registry.npmjs.org/@types/aws-lambda/-/aws-lambda-8.10.67.tgz",
      "integrity": "sha512-rQPIkP7Xs6oKR6VYdoPbKghzndzlvTJHbAGvd5PE6LXUo4PNPVP2y1dLTGgEXHapXZraTM9oBLrJFgozJom9BA=="
    }
  }
}
